// !$*UTF8*$!
{
	archiveVersion = 1;
	classes = {
	};
	objectVersion = 46;
	objects = {

/* Begin PBXBuildFile section */
		1EEF4AD61CC507B30049F922 /* Main.storyboard in Resources */ = {isa = PBXBuildFile; fileRef = 1EEF4AD81CC507B30049F922 /* Main.storyboard */; };
		1EEF4AF31CC5134F0049F922 /* LaunchScreen.storyboard in Resources */ = {isa = PBXBuildFile; fileRef = 1EEF4AF21CC5134F0049F922 /* LaunchScreen.storyboard */; };
		1EEF4AF51CC5135F0049F922 /* Info.plist in Resources */ = {isa = PBXBuildFile; fileRef = 1EEF4AF41CC5135F0049F922 /* Info.plist */; };
		1EEF4AF81CC5169D0049F922 /* InfoPlist.strings in Resources */ = {isa = PBXBuildFile; fileRef = 1EEF4AFA1CC5169D0049F922 /* InfoPlist.strings */; };
		1EEF4AFC1CC518460049F922 /* home.png in Resources */ = {isa = PBXBuildFile; fileRef = 1EEF4AFE1CC518460049F922 /* home.png */; };
		1EEF4B081CC5219F0049F922 /* Localizable.strings in Resources */ = {isa = PBXBuildFile; fileRef = 1EEF4B0A1CC5219F0049F922 /* Localizable.strings */; };
		1EFA89DE1CC4D8860053D4D2 /* main.m in Sources */ = {isa = PBXBuildFile; fileRef = 1EFA89DD1CC4D8860053D4D2 /* main.m */; };
		1EFA89E11CC4D8860053D4D2 /* AppDelegate.m in Sources */ = {isa = PBXBuildFile; fileRef = 1EFA89E01CC4D8860053D4D2 /* AppDelegate.m */; };
		1EFA89E41CC4D8860053D4D2 /* ViewController.m in Sources */ = {isa = PBXBuildFile; fileRef = 1EFA89E31CC4D8860053D4D2 /* ViewController.m */; };
		1EFA89E91CC4D8860053D4D2 /* Assets.xcassets in Resources */ = {isa = PBXBuildFile; fileRef = 1EFA89E81CC4D8860053D4D2 /* Assets.xcassets */; };
/* End PBXBuildFile section */

/* Begin PBXFileReference section */
		1EEF4AD91CC5097B0049F922 /* zh-Hans */ = {isa = PBXFileReference; lastKnownFileType = file.storyboard; name = "zh-Hans"; path = "zh-Hans.lproj/Main.storyboard"; sourceTree = "<group>"; };
		1EEF4AF21CC5134F0049F922 /* LaunchScreen.storyboard */ = {isa = PBXFileReference; fileEncoding = 4; lastKnownFileType = file.storyboard; path = LaunchScreen.storyboard; sourceTree = "<group>"; };
		1EEF4AF41CC5135F0049F922 /* Info.plist */ = {isa = PBXFileReference; fileEncoding = 4; lastKnownFileType = text.plist.xml; path = Info.plist; sourceTree = "<group>"; };
		1EEF4AF91CC5169D0049F922 /* en */ = {isa = PBXFileReference; lastKnownFileType = text.plist.strings; name = en; path = en.lproj/InfoPlist.strings; sourceTree = "<group>"; };
		1EEF4AFB1CC5169F0049F922 /* zh-Hans */ = {isa = PBXFileReference; lastKnownFileType = text.plist.strings; name = "zh-Hans"; path = "zh-Hans.lproj/InfoPlist.strings"; sourceTree = "<group>"; };
		1EEF4AFD1CC518460049F922 /* en */ = {isa = PBXFileReference; lastKnownFileType = image.png; name = en; path = en.lproj/home.png; sourceTree = "<group>"; };
		1EEF4AFF1CC518480049F922 /* zh-Hans */ = {isa = PBXFileReference; lastKnownFileType = image.png; name = "zh-Hans"; path = "zh-Hans.lproj/home.png"; sourceTree = "<group>"; };
		1EEF4B091CC5219F0049F922 /* en */ = {isa = PBXFileReference; lastKnownFileType = text.plist.strings; name = en; path = en.lproj/Localizable.strings; sourceTree = "<group>"; };
		1EEF4B0B1CC521A10049F922 /* zh-Hans */ = {isa = PBXFileReference; lastKnownFileType = text.plist.strings; name = "zh-Hans"; path = "zh-Hans.lproj/Localizable.strings"; sourceTree = "<group>"; };
		1EEF4B441CC5DF2E0049F922 /* en */ = {isa = PBXFileReference; lastKnownFileType = file.storyboard; name = en; path = en.lproj/Main.storyboard; sourceTree = "<group>"; };
		1EFA89D91CC4D8860053D4D2 /* QYLocalization.app */ = {isa = PBXFileReference; explicitFileType = wrapper.application; includeInIndex = 0; path = QYLocalization.app; sourceTree = BUILT_PRODUCTS_DIR; };
		1EFA89DD1CC4D8860053D4D2 /* main.m */ = {isa = PBXFileReference; lastKnownFileType = sourcecode.c.objc; path = main.m; sourceTree = "<group>"; };
		1EFA89DF1CC4D8860053D4D2 /* AppDelegate.h */ = {isa = PBXFileReference; lastKnownFileType = sourcecode.c.h; path = AppDelegate.h; sourceTree = "<group>"; };
		1EFA89E01CC4D8860053D4D2 /* AppDelegate.m */ = {isa = PBXFileReference; lastKnownFileType = sourcecode.c.objc; path = AppDelegate.m; sourceTree = "<group>"; };
		1EFA89E21CC4D8860053D4D2 /* ViewController.h */ = {isa = PBXFileReference; lastKnownFileType = sourcecode.c.h; path = ViewController.h; sourceTree = "<group>"; };
		1EFA89E31CC4D8860053D4D2 /* ViewController.m */ = {isa = PBXFileReference; lastKnownFileType = sourcecode.c.objc; path = ViewController.m; sourceTree = "<group>"; };
		1EFA89E81CC4D8860053D4D2 /* Assets.xcassets */ = {isa = PBXFileReference; lastKnownFileType = folder.assetcatalog; path = Assets.xcassets; sourceTree = "<group>"; };
/* End PBXFileReference section */

/* Begin PBXFrameworksBuildPhase section */
		1EFA89D61CC4D8860053D4D2 /* Frameworks */ = {
			isa = PBXFrameworksBuildPhase;
			buildActionMask = 2147483647;
			files = (
			);
			runOnlyForDeploymentPostprocessing = 0;
		};
/* End PBXFrameworksBuildPhase section */

/* Begin PBXGroup section */
		1EFA89D01CC4D8860053D4D2 = {
			isa = PBXGroup;
			children = (
				1EFA89DB1CC4D8860053D4D2 /* QYLocalization */,
				1EFA89DA1CC4D8860053D4D2 /* Products */,
			);
			sourceTree = "<group>";
		};
		1EFA89DA1CC4D8860053D4D2 /* Products */ = {
			isa = PBXGroup;
			children = (
				1EFA89D91CC4D8860053D4D2 /* QYLocalization.app */,
			);
			name = Products;
			sourceTree = "<group>";
		};
		1EFA89DB1CC4D8860053D4D2 /* QYLocalization */ = {
			isa = PBXGroup;
			children = (
				1EFA89DF1CC4D8860053D4D2 /* AppDelegate.h */,
				1EFA89E01CC4D8860053D4D2 /* AppDelegate.m */,
				1EFA89E21CC4D8860053D4D2 /* ViewController.h */,
				1EFA89E31CC4D8860053D4D2 /* ViewController.m */,
				1EEF4AD81CC507B30049F922 /* Main.storyboard */,
				1EFA89E81CC4D8860053D4D2 /* Assets.xcassets */,
				1EEF4AF21CC5134F0049F922 /* LaunchScreen.storyboard */,
				1EFA89DC1CC4D8860053D4D2 /* Supporting Files */,
			);
			path = QYLocalization;
			sourceTree = "<group>";
		};
		1EFA89DC1CC4D8860053D4D2 /* Supporting Files */ = {
			isa = PBXGroup;
			children = (
				1EEF4AFE1CC518460049F922 /* home.png */,
				1EFA89DD1CC4D8860053D4D2 /* main.m */,
				1EEF4AF41CC5135F0049F922 /* Info.plist */,
				1EEF4AFA1CC5169D0049F922 /* InfoPlist.strings */,
				1EEF4B0A1CC5219F0049F922 /* Localizable.strings */,
			);
			name = "Supporting Files";
			sourceTree = "<group>";
		};
/* End PBXGroup section */

/* Begin PBXNativeTarget section */
		1EFA89D81CC4D8860053D4D2 /* QYLocalization */ = {
			isa = PBXNativeTarget;
			buildConfigurationList = 1EFA89F01CC4D8860053D4D2 /* Build configuration list for PBXNativeTarget "QYLocalization" */;
			buildPhases = (
				1EFA89D51CC4D8860053D4D2 /* Sources */,
				1EFA89D61CC4D8860053D4D2 /* Frameworks */,
				1EFA89D71CC4D8860053D4D2 /* Resources */,
			);
			buildRules = (
			);
			dependencies = (
			);
			name = QYLocalization;
			productName = QYLocalization;
			productReference = 1EFA89D91CC4D8860053D4D2 /* QYLocalization.app */;
			productType = "com.apple.product-type.application";
		};
/* End PBXNativeTarget section */

/* Begin PBXProject section */
		1EFA89D11CC4D8860053D4D2 /* Project object */ = {
			isa = PBXProject;
			attributes = {
				LastUpgradeCheck = 0730;
				ORGANIZATIONNAME = qianye;
				TargetAttributes = {
					1EFA89D81CC4D8860053D4D2 = {
						CreatedOnToolsVersion = 7.3;
					};
				};
			};
			buildConfigurationList = 1EFA89D41CC4D8860053D4D2 /* Build configuration list for PBXProject "QYLocalization" */;
			compatibilityVersion = "Xcode 3.2";
			developmentRegion = English;
			hasScannedForEncodings = 0;
			knownRegions = (
				en,
				"zh-Hans",
			);
			mainGroup = 1EFA89D01CC4D8860053D4D2;
			productRefGroup = 1EFA89DA1CC4D8860053D4D2 /* Products */;
			projectDirPath = "";
			projectRoot = "";
			targets = (
				1EFA89D81CC4D8860053D4D2 /* QYLocalization */,
			);
		};
/* End PBXProject section */

/* Begin PBXResourcesBuildPhase section */
		1EFA89D71CC4D8860053D4D2 /* Resources */ = {
			isa = PBXResourcesBuildPhase;
			buildActionMask = 2147483647;
			files = (
				1EEF4AD61CC507B30049F922 /* Main.storyboard in Resources */,
				1EEF4AF81CC5169D0049F922 /* InfoPlist.strings in Resources */,
				1EEF4B081CC5219F0049F922 /* Localizable.strings in Resources */,
				1EEF4AFC1CC518460049F922 /* home.png in Resources */,
				1EEF4AF31CC5134F0049F922 /* LaunchScreen.storyboard in Resources */,
				1EFA89E91CC4D8860053D4D2 /* Assets.xcassets in Resources */,
				1EEF4AF51CC5135F0049F922 /* Info.plist in Resources */,
			);
			runOnlyForDeploymentPostprocessing = 0;
		};
/* End PBXResourcesBuildPhase section */

/* Begin PBXSourcesBuildPhase section */
		1EFA89D51CC4D8860053D4D2 /* Sources */ = {
			isa = PBXSourcesBuildPhase;
			buildActionMask = 2147483647;
			files = (
				1EFA89E41CC4D8860053D4D2 /* ViewController.m in Sources */,
				1EFA89E11CC4D8860053D4D2 /* AppDelegate.m in Sources */,
				1EFA89DE1CC4D8860053D4D2 /* main.m in Sources */,
			);
			runOnlyForDeploymentPostprocessing = 0;
		};
/* End PBXSourcesBuildPhase section */

/* Begin PBXVariantGroup section */
		1EEF4AD81CC507B30049F922 /* Main.storyboard */ = {
			isa = PBXVariantGroup;
			children = (
				1EEF4AD91CC5097B0049F922 /* zh-Hans */,
				1EEF4B441CC5DF2E0049F922 /* en */,
			);
			name = Main.storyboard;
			sourceTree = "<group>";
		};
		1EEF4AFA1CC5169D0049F922 /* InfoPlist.strings */ = {
			isa = PBXVariantGroup;
			children = (
				1EEF4AF91CC5169D0049F922 /* en */,
				1EEF4AFB1CC5169F0049F922 /* zh-Hans */,
			);
			name = InfoPlist.strings;
			sourceTree = "<group>";
		};
		1EEF4AFE1CC518460049F922 /* home.png */ = {
			isa = PBXVariantGroup;
			children = (
				1EEF4AFD1CC518460049F922 /* en */,
				1EEF4AFF1CC518480049F922 /* zh-Hans */,
			);
			name = home.png;
			sourceTree = "<group>";
		};
		1EEF4B0A1CC5219F0049F922 /* Localizable.strings */ = {
			isa = PBXVariantGroup;
			children = (
				1EEF4B091CC5219F0049F922 /* en */,
				1EEF4B0B1CC521A10049F922 /* zh-Hans */,
			);
			name = Localizable.strings;
			sourceTree = "<group>";
		};
/* End PBXVariantGroup section */

/* Begin XCBuildConfiguration section */
		1EFA89EE1CC4D8860053D4D2 /* Debug */ = {
			isa = XCBuildConfiguration;
			buildSettings = {
				ALWAYS_SEARCH_USER_PATHS = NO;
				CLANG_ANALYZER_NONNULL = YES;
				CLANG_CXX_LANGUAGE_STANDARD = "gnu++0x";
				CLANG_CXX_LIBRARY = "libc++";
				CLANG_ENABLE_MODULES = YES;
				CLANG_ENABLE_OBJC_ARC = YES;
				CLANG_WARN_BOOL_CONVERSION = YES;
				CLANG_WARN_CONSTANT_CONVERSION = YES;
				CLANG_WARN_DIRECT_OBJC_ISA_USAGE = YES_ERROR;
				CLANG_WARN_EMPTY_BODY = YES;
				CLANG_WARN_ENUM_CONVERSION = YES;
				CLANG_WARN_INT_CONVERSION = YES;
				CLANG_WARN_OBJC_ROOT_CLASS = YES_ERROR;
				CLANG_WARN_UNREACHABLE_CODE = YES;
				CLANG_WARN__DUPLICATE_METHOD_MATCH = YES;
				"CODE_SIGN_IDENTITY[sdk=iphoneos*]" = "iPhone Developer";
				COPY_PHASE_STRIP = NO;
				DEBUG_INFORMATION_FORMAT = dwarf;
				ENABLE_STRICT_OBJC_MSGSEND = YES;
				ENABLE_TESTABILITY = YES;
				GCC_C_LANGUAGE_STANDARD = gnu99;
				GCC_DYNAMIC_NO_PIC = NO;
				GCC_NO_COMMON_BLOCKS = YES;
				GCC_OPTIMIZATION_LEVEL = 0;
				GCC_PREPROCESSOR_DEFINITIONS = (
					"DEBUG=1",
					"$(inherited)",
				);
				GCC_WARN_64_TO_32_BIT_CONVERSION = YES;
				GCC_WARN_ABOUT_RETURN_TYPE = YES_ERROR;
				GCC_WARN_UNDECLARED_SELECTOR = YES;
				GCC_WARN_UNINITIALIZED_AUTOS = YES_AGGRESSIVE;
				GCC_WARN_UNUSED_FUNCTION = YES;
				GCC_WARN_UNUSED_VARIABLE = YES;
				IPHONEOS_DEPLOYMENT_TARGET = 9.3;
				MTL_ENABLE_DEBUG_INFO = YES;
				ONLY_ACTIVE_ARCH = YES;
				SDKROOT = iphoneos;
				TARGETED_DEVICE_FAMILY = "1,2";
			};
			name = Debug;
		};
		1EFA89EF1CC4D8860053D4D2 /* Release */ = {
			isa = XCBuildConfiguration;
			buildSettings = {
				ALWAYS_SEARCH_USER_PATHS = NO;
				CLANG_ANALYZER_NONNULL = YES;
				CLANG_CXX_LANGUAGE_STANDARD = "gnu++0x";
				CLANG_CXX_LIBRARY = "libc++";
				CLANG_ENABLE_MODULES = YES;
				CLANG_ENABLE_OBJC_ARC = YES;
				CLANG_WARN_BOOL_CONVERSION = YES;
				CLANG_WARN_CONSTANT_CONVERSION = YES;
				CLANG_WARN_DIRECT_OBJC_ISA_USAGE = YES_ERROR;
				CLANG_WARN_EMPTY_BODY = YES;
				CLANG_WARN_ENUM_CONVERSION = YES;
				CLANG_WARN_INT_CONVERSION = YES;
				CLANG_WARN_OBJC_ROOT_CLASS = YES_ERROR;
				CLANG_WARN_UNREACHABLE_CODE = YES;
				CLANG_WARN__DUPLICATE_METHOD_MATCH = YES;
				"CODE_SIGN_IDENTITY[sdk=iphoneos*]" = "iPhone Developer";
				COPY_PHASE_STRIP = NO;
				DEBUG_INFORMATION_FORMAT = "dwarf-with-dsym";
				ENABLE_NS_ASSERTIONS = NO;
				ENABLE_STRICT_OBJC_MSGSEND = YES;
				GCC_C_LANGUAGE_STANDARD = gnu99;
				GCC_NO_COMMON_BLOCKS = YES;
				GCC_WARN_64_TO_32_BIT_CONVERSION = YES;
				GCC_WARN_ABOUT_RETURN_TYPE = YES_ERROR;
				GCC_WARN_UNDECLARED_SELECTOR = YES;
				GCC_WARN_UNINITIALIZED_AUTOS = YES_AGGRESSIVE;
				GCC_WARN_UNUSED_FUNCTION = YES;
				GCC_WARN_UNUSED_VARIABLE = YES;
				IPHONEOS_DEPLOYMENT_TARGET = 9.3;
				MTL_ENABLE_DEBUG_INFO = NO;
				SDKROOT = iphoneos;
				TARGETED_DEVICE_FAMILY = "1,2";
				VALIDATE_PRODUCT = YES;
			};
			name = Release;
		};
		1EFA89F11CC4D8860053D4D2 /* Debug */ = {
			isa = XCBuildConfiguration;
			buildSettings = {
				ASSETCATALOG_COMPILER_APPICON_NAME = AppIcon;
				INFOPLIST_FILE = QYLocalization/Info.plist;
				IPHONEOS_DEPLOYMENT_TARGET = 8.0;
				LD_RUNPATH_SEARCH_PATHS = "$(inherited) @executable_path/Frameworks";
				PRODUCT_BUNDLE_IDENTIFIER = com.qianye.QYLocalization;
				PRODUCT_NAME = "$(TARGET_NAME)";
			};
			name = Debug;
		};
		1EFA89F21CC4D8860053D4D2 /* Release */ = {
			isa = XCBuildConfiguration;
			buildSettings = {
				ASSETCATALOG_COMPILER_APPICON_NAME = AppIcon;
				INFOPLIST_FILE = QYLocalization/Info.plist;
				IPHONEOS_DEPLOYMENT_TARGET = 8.0;
				LD_RUNPATH_SEARCH_PATHS = "$(inherited) @executable_path/Frameworks";
				PRODUCT_BUNDLE_IDENTIFIER = com.qianye.QYLocalization;
				PRODUCT_NAME = "$(TARGET_NAME)";
			};
			name = Release;
		};
/* End XCBuildConfiguration section */

/* Begin XCConfigurationList section */
		1EFA89D41CC4D8860053D4D2 /* Build configuration list for PBXProject "QYLocalization" */ = {
			isa = XCConfigurationList;
			buildConfigurations = (
				1EFA89EE1CC4D8860053D4D2 /* Debug */,
				1EFA89EF1CC4D8860053D4D2 /* Release */,
			);
			defaultConfigurationIsVisible = 0;
			defaultConfigurationName = Release;
		};
		1EFA89F01CC4D8860053D4D2 /* Build configuration list for PBXNativeTarget "QYLocalization" */ = {
			isa = XCConfigurationList;
			buildConfigurations = (
				1EFA89F11CC4D8860053D4D2 /* Debug */,
				1EFA89F21CC4D8860053D4D2 /* Release */,
			);
			defaultConfigurationIsVisible = 0;
			defaultConfigurationName = Release;
		};
/* End XCConfigurationList section */
	};
	rootObject = 1EFA89D11CC4D8860053D4D2 /* Project object */;
}
